{
  "_meta": {
    "hash": {
      "sha256": "8c5442a19e7220054174fbe876f790d505e12d1ac314b2a58a5d564bd9626551"
    },
    "pipfile-spec": 6,
    "requires": {
      "python_version": "3.11"
    },
    "sources": [
      {
        "name": "pypi",
        "url": "https://pypi.org/simple",
        "verify_ssl": true
      }
    ]
  },
  "default": {
    "boto3": {
      "hashes": [
        "sha256:1eb4c548118b5fc5e018dee956fd33e6fb249cd1f2def85f1bba816aef4d9f3e",
        "sha256:96e9890ebe7cd823b5f4976dd676e112c000c6528c28e20a2f274590589dd18b"
      ],
      "index": "pypi",
      "markers": "python_version >= '3.7'",
      "version": "==1.29.7"
    },
    "botocore": {
      "hashes": [
        "sha256:58b33d02cafa23461c8a9d211b30e8cded992380a84de409379fd02811fa3e11",
        "sha256:c6795c731b04c8e3635588c44cfd1a4462fc5987859195522c96812cf3eceff9"
      ],
      "markers": "python_version >= '3.7'",
      "version": "==1.32.7"
    },
    "jmespath": {
      "hashes": [
        "sha256:02e2e4cc71b5bcab88332eebf907519190dd9e6e82107fa7f83b1003a6252980",
        "sha256:90261b206d6defd58fdd5e85f478bf633a2901798906be2ad389150c5c60edbe"
      ],
      "markers": "python_version >= '3.7'",
      "version": "==1.0.1"
    },
    "python-dateutil": {
      "hashes": [
        "sha256:0123cacc1627ae19ddf3c27a5de5bd67ee4586fbdd6440d9748f8abb483d3e86",
        "sha256:961d03dc3453ebbc59dbdea9e4e11c5651520a876d0f4db161e8674aae935da9"
      ],
      "markers": "python_version >= '2.7' and python_version not in '3.0, 3.1, 3.2, 3.3'",
      "version": "==2.8.2"
    },
    "s3transfer": {
      "hashes": [
        "sha256:baa479dc2e63e5c2ed51611b4d46cdf0295e2070d8d0b86b22f335ee5b954986",
        "sha256:e8d6bd52ffd99841e3a57b34370a54841f12d3aab072af862cdcc50955288002"
      ],
      "markers": "python_version >= '3.7'",
      "version": "==0.8.0"
    },
    "six": {
      "hashes": [
        "sha256:1e61c37477a1626458e36f7b1d82aa5c9b094fa4802892072e49de9c60c4c926",
        "sha256:8abb2f1d86890a2dfb989f9a77cfcfd3e47c2a354b01111771326f8aa26e0254"
      ],
      "markers": "python_version >= '2.7' and python_version not in '3.0, 3.1, 3.2, 3.3'",
      "version": "==1.16.0"
    },
    "urllib3": {
      "hashes": [
        "sha256:c97dfde1f7bd43a71c8d2a58e369e9b2bf692d1334ea9f9cae55add7d0dd0f84",
        "sha256:fdb6d215c776278489906c2f8916e6e7d4f5a9b602ccbcfdf7f016fc8da0596e"
      ],
      "markers": "python_version >= '3.10'",
      "version": "==2.0.7"
    }
  },
  "develop": {
    "aws-lambda-powertools": {
      "hashes": [
        "sha256:1c97cb4185490daf33d08f8dffb7002ae3e90fdadee3a60327e4993e0ddf1605",
        "sha256:95538b44c43e16036db3a84631d2c678fabc29bcb0b9ee41a58499106b1e92b5"
      ],
      "index": "pypi",
      "markers": "python_full_version >= '3.7.4' and python_full_version < '4.0.0'",
      "version": "==2.30.2"
    },
    "coverage": {
      "extras": [
        "toml"
      ],
      "hashes": [
        "sha256:020d56d2da5bc22a0e00a5b0d54597ee91ad72446fa4cf1b97c35022f6b6dbf0",
        "sha256:11ab62d0ce5d9324915726f611f511a761efcca970bd49d876cf831b4de65be5",
        "sha256:183c16173a70caf92e2dfcfe7c7a576de6fa9edc4119b8e13f91db7ca33a7923",
        "sha256:27ee94f088397d1feea3cb524e4313ff0410ead7d968029ecc4bc5a7e1d34fbf",
        "sha256:3024ec1b3a221bd10b5d87337d0373c2bcaf7afd86d42081afe39b3e1820323b",
        "sha256:309ed6a559bc942b7cc721f2976326efbfe81fc2b8f601c722bff927328507dc",
        "sha256:33e63c578f4acce1b6cd292a66bc30164495010f1091d4b7529d014845cd9bee",
        "sha256:36797b3625d1da885b369bdaaa3b0d9fb8865caed3c2b8230afaa6005434aa2f",
        "sha256:36d75ef2acab74dc948d0b537ef021306796da551e8ac8b467810911000af66a",
        "sha256:38d0b307c4d99a7aca4e00cad4311b7c51b7ac38fb7dea2abe0d182dd4008e05",
        "sha256:3d892a19ae24b9801771a5a989fb3e850bd1ad2e2b6e83e949c65e8f37bc67a1",
        "sha256:3f477fb8a56e0c603587b8278d9dbd32e54bcc2922d62405f65574bd76eba78a",
        "sha256:47ee56c2cd445ea35a8cc3ad5c8134cb9bece3a5cb50bb8265514208d0a65928",
        "sha256:4a4184dcbe4f98d86470273e758f1d24191ca095412e4335ff27b417291f5964",
        "sha256:5214362abf26e254d749fc0c18af4c57b532a4bfde1a057565616dd3b8d7cc94",
        "sha256:607b6c6b35aa49defaebf4526729bd5238bc36fe3ef1a417d9839e1d96ee1e4c",
        "sha256:610afaf929dc0e09a5eef6981edb6a57a46b7eceff151947b836d869d6d567c1",
        "sha256:6879fe41c60080aa4bb59703a526c54e0412b77e649a0d06a61782ecf0853ee1",
        "sha256:74397a1263275bea9d736572d4cf338efaade2de9ff759f9c26bcdceb383bb49",
        "sha256:758ebaf74578b73f727acc4e8ab4b16ab6f22a5ffd7dd254e5946aba42a4ce76",
        "sha256:782693b817218169bfeb9b9ba7f4a9f242764e180ac9589b45112571f32a0ba6",
        "sha256:7c4277ddaad9293454da19121c59f2d850f16bcb27f71f89a5c4836906eb35ef",
        "sha256:85072e99474d894e5df582faec04abe137b28972d5e466999bc64fc37f564a03",
        "sha256:8a9c5bc5db3eb4cd55ecb8397d8e9b70247904f8eca718cc53c12dcc98e59fc8",
        "sha256:8ce03e25e18dd9bf44723e83bc202114817f3367789052dc9e5b5c79f40cf59d",
        "sha256:93698ac0995516ccdca55342599a1463ed2e2d8942316da31686d4d614597ef9",
        "sha256:997aa14b3e014339d8101b9886063c5d06238848905d9ad6c6eabe533440a9a7",
        "sha256:9ac17b94ab4ca66cf803f2b22d47e392f0977f9da838bf71d1f0db6c32893cb9",
        "sha256:a02ac7c51819702b384fea5ee033a7c202f732a2a2f1fe6c41e3d4019828c8d3",
        "sha256:a1c3e9d2bbd6f3f79cfecd6f20854f4dc0c6e0ec317df2b265266d0dc06535f1",
        "sha256:a877810ef918d0d345b783fc569608804f3ed2507bf32f14f652e4eaf5d8f8d0",
        "sha256:a8e258dcc335055ab59fe79f1dec217d9fb0cdace103d6b5c6df6b75915e7959",
        "sha256:aefbb29dc56317a4fcb2f3857d5bce9b881038ed7e5aa5d3bcab25bd23f57328",
        "sha256:aff2bd3d585969cc4486bfc69655e862028b689404563e6b549e6a8244f226df",
        "sha256:b1e0f25ae99cf247abfb3f0fac7ae25739e4cd96bf1afa3537827c576b4847e5",
        "sha256:b710869a15b8caf02e31d16487a931dbe78335462a122c8603bb9bd401ff6fb2",
        "sha256:bfed0ec4b419fbc807dec417c401499ea869436910e1ca524cfb4f81cf3f60e7",
        "sha256:c15fdfb141fcf6a900e68bfa35689e1256a670db32b96e7a931cab4a0e1600e5",
        "sha256:c6a23ae9348a7a92e7f750f9b7e828448e428e99c24616dec93a0720342f241d",
        "sha256:c75738ce13d257efbb6633a049fb2ed8e87e2e6c2e906c52d1093a4d08d67c6b",
        "sha256:d1d0ce6c6947a3a4aa5479bebceff2c807b9f3b529b637e2b33dea4468d75fc7",
        "sha256:d5b14abde6f8d969e6b9dd8c7a013d9a2b52af1235fe7bebef25ad5c8f47fa18",
        "sha256:d6ed790728fb71e6b8247bd28e77e99d0c276dff952389b5388169b8ca7b1c28",
        "sha256:e0d84099ea7cba9ff467f9c6f747e3fc3906e2aadac1ce7b41add72e8d0a3712",
        "sha256:e4353923f38d752ecfbd3f1f20bf7a3546993ae5ecd7c07fd2f25d40b4e54571",
        "sha256:e91029d7f151d8bf5ab7d8bfe2c3dbefd239759d642b211a677bc0709c9fdb96",
        "sha256:ea473c37872f0159294f7073f3fa72f68b03a129799f3533b2bb44d5e9fa4f82",
        "sha256:f154bd866318185ef5865ace5be3ac047b6d1cc0aeecf53bf83fe846f4384d5d",
        "sha256:f97ff5a9fc2ca47f3383482858dd2cb8ddbf7514427eecf5aa5f7992d0571429",
        "sha256:f99b7d3f7a7adfa3d11e3a48d1a91bb65739555dd6a0d3fa68aa5852d962e5b1",
        "sha256:fb220b3596358a86361139edce40d97da7458412d412e1e10c8e1970ee8c09ab",
        "sha256:fd2f8a641f8f193968afdc8fd1697e602e199931012b574194052d132a79be13"
      ],
      "markers": "python_version >= '3.8'",
      "version": "==7.3.4"
    },
    "iniconfig": {
      "hashes": [
        "sha256:2d91e135bf72d31a410b17c16da610a82cb55f6b0477d1a902134b24a455b8b3",
        "sha256:b6a85871a79d2e3b22d2d1b94ac2824226a63c6b741c88f7ae975f18b6778374"
      ],
      "markers": "python_version >= '3.7'",
      "version": "==2.0.0"
    },
    "packaging": {
      "hashes": [
        "sha256:048fb0e9405036518eaaf48a55953c750c11e1a1b68e0dd1a9d62ed0c092cfc5",
        "sha256:8c491190033a9af7e1d931d0b5dacc2ef47509b34dd0de67ed209b5203fc88c7"
      ],
      "markers": "python_version >= '3.7'",
      "version": "==23.2"
    },
    "pluggy": {
      "hashes": [
        "sha256:cf61ae8f126ac6f7c451172cf30e3e43d3ca77615509771b3a984a0730651e12",
        "sha256:d89c696a773f8bd377d18e5ecda92b7a3793cbe66c87060a6fb58c7b6e1061f7"
      ],
      "markers": "python_version >= '3.8'",
      "version": "==1.3.0"
    },
    "pytest": {
      "hashes": [
        "sha256:0d009c083ea859a71b76adf7c1d502e4bc170b80a8ef002da5806527b9591fac",
        "sha256:d989d136982de4e3b29dabcc838ad581c64e8ed52c11fbe86ddebd9da0818cd5"
      ],
      "index": "pypi",
      "markers": "python_version >= '3.7'",
      "version": "==7.4.3"
    },
    "pytest-cov": {
      "hashes": [
        "sha256:3904b13dfbfec47f003b8e77fd5b589cd11904a21ddf1ab38a64f204d6a10ef6",
        "sha256:6ba70b9e97e69fcc3fb45bfeab2d0a138fb65c4d0d6a41ef33983ad114be8c3a"
      ],
      "index": "pypi",
      "markers": "python_version >= '3.7'",
      "version": "==4.1.0"
    },
    "pytest-env": {
      "hashes": [
        "sha256:aada77e6d09fcfb04540a6e462c58533c37df35fa853da78707b17ec04d17dfc",
        "sha256:fcd7dc23bb71efd3d35632bde1bbe5ee8c8dc4489d6617fb010674880d96216b"
      ],
      "index": "pypi",
      "markers": "python_version >= '3.8'",
      "version": "==1.1.3"
    },
    "pytest-mock": {
      "hashes": [
        "sha256:0972719a7263072da3a21c7f4773069bcc7486027d7e8e1f81d98a47e701bc4f",
        "sha256:31a40f038c22cad32287bb43932054451ff5583ff094bca6f675df2f8bc1a6e9"
      ],
      "index": "pypi",
      "markers": "python_version >= '3.8'",
      "version": "==3.12.0"
    },
    "ruff": {
      "hashes": [
        "sha256:0e17f53bcbb4fff8292dfd84cf72d767b5e146f009cccd40c2fad27641f8a7a9",
        "sha256:104aa9b5e12cb755d9dce698ab1b97726b83012487af415a4512fedd38b1459e",
        "sha256:1e63bf5a4a91971082a4768a0aba9383c12392d0d6f1e2be2248c1f9054a20da",
        "sha256:28d920e319783d5303333630dae46ecc80b7ba294aeffedf946a02ac0b7cc3db",
        "sha256:2aec598fb65084e41a9c5d4b95726173768a62055aafb07b4eff976bac72a592",
        "sha256:331aae2cd4a0554667ac683243b151c74bd60e78fb08c3c2a4ac05ee1e606a39",
        "sha256:479ca4250cab30f9218b2e563adc362bd6ae6343df7c7b5a7865300a5156d5a6",
        "sha256:4d0738917c203246f3e275b37006faa3aa96c828b284ebfe3e99a8cb413c8c4b",
        "sha256:69dac82d63a50df2ab0906d97a01549f814b16bc806deeac4f064ff95c47ddf5",
        "sha256:744dfe4b35470fa3820d5fe45758aace6269c578f7ddc43d447868cfe5078bcb",
        "sha256:8151425a60878e66f23ad47da39265fc2fad42aed06fb0a01130e967a7a064f4",
        "sha256:837c739729394df98f342319f5136f33c65286b28b6b70a87c28f59354ec939b",
        "sha256:aa8344310f1ae79af9ccd6e4b32749e93cddc078f9b5ccd0e45bd76a6d2e8bb6",
        "sha256:b041dee2734719ddbb4518f762c982f2e912e7f28b8ee4fe1dee0b15d1b6e800",
        "sha256:c497d769164df522fdaf54c6eba93f397342fe4ca2123a2e014a5b8fc7df81c7",
        "sha256:e6837202c2859b9f22e43cb01992373c2dbfeae5c0c91ad691a4a2e725392464",
        "sha256:e6a212f436122ac73df851f0cf006e0c6612fe6f9c864ed17ebefce0eff6a5fd"
      ],
      "index": "pypi",
      "markers": "python_version >= '3.7'",
      "version": "==0.1.9"
    },
    "typing-extensions": {
      "hashes": [
        "sha256:23478f88c37f27d76ac8aee6c905017a143b0b1b886c3c9f66bc2fd94f9f5783",
        "sha256:af72aea155e91adfc61c3ae9e0e342dbc0cba726d6cba4b6c72c1f34e47291cd"
      ],
      "markers": "python_version >= '3.8'",
      "version": "==4.9.0"
    }
  }
}
